# THIS IS AN AUTOGENERATED FILE. DO NOT EDIT THIS FILE DIRECTLY.
# yarn lockfile v1


"@next/env@12.1.4":
  version "12.1.4"
  resolved "https://registry.yarnpkg.com/@next/env/-/env-12.1.4.tgz#5af629b43075281ecd7f87938802b7cf5b67e94b"
  integrity sha512-7gQwotJDKnfMxxXd8xJ2vsX5AzyDxO3zou0+QOXX8/unypA6icw5+wf6A62yKZ6qQ4UZHHxS68pb6UV+wNneXg==

"@next/swc-android-arm-eabi@12.1.4":
  version "12.1.4"
  resolved "https://registry.yarnpkg.com/@next/swc-android-arm-eabi/-/swc-android-arm-eabi-12.1.4.tgz#c3dae178b7c15ad627d2e9b8dfb38caecb5c4ac7"
  integrity sha512-FJg/6a3s2YrUaqZ+/DJZzeZqfxbbWrynQMT1C5wlIEq9aDLXCFpPM/PiOyJh0ahxc0XPmi6uo38Poq+GJTuKWw==

"@next/swc-android-arm64@12.1.4":
  version "12.1.4"
  resolved "https://registry.yarnpkg.com/@next/swc-android-arm64/-/swc-android-arm64-12.1.4.tgz#f320d60639e19ecffa1f9034829f2d95502a9a51"
  integrity sha512-LXraazvQQFBgxIg3Htny6G5V5he9EK7oS4jWtMdTGIikmD/OGByOv8ZjLuVLZLtVm3UIvaAiGtlQSLecxJoJDw==

"@next/swc-darwin-arm64@12.1.4":
  version "12.1.4"
  resolved "https://registry.yarnpkg.com/@next/swc-darwin-arm64/-/swc-darwin-arm64-12.1.4.tgz#fd578278312613eddcf3aee26910100509941b63"
  integrity sha512-SSST/dBymecllZxcqTCcSTCu5o1NKk9I+xcvhn/O9nH6GWjgvGgGkNqLbCarCa0jJ1ukvlBA138FagyrmZ/4rQ==

"@next/swc-darwin-x64@12.1.4":
  version "12.1.4"
  resolved "https://registry.yarnpkg.com/@next/swc-darwin-x64/-/swc-darwin-x64-12.1.4.tgz#ace5f80d8c8348efe194f6d7074c6213c52b3944"
  integrity sha512-p1lwdX0TVjaoDXQVuAkjtxVBbCL/urgxiMCBwuPDO7TikpXtSRivi+mIzBj5q7ypgICFmIAOW3TyupXeoPRAnA==

"@next/swc-linux-arm-gnueabihf@12.1.4":
  version "12.1.4"
  resolved "https://registry.yarnpkg.com/@next/swc-linux-arm-gnueabihf/-/swc-linux-arm-gnueabihf-12.1.4.tgz#2bf2c83863635f19c71c226a2df936e001cce29c"
  integrity sha512-67PZlgkCn3TDxacdVft0xqDCL7Io1/C4xbAs0+oSQ0xzp6OzN2RNpuKjHJrJgKd0DsE1XZ9sCP27Qv0591yfyg==

"@next/swc-linux-arm64-gnu@12.1.4":
  version "12.1.4"
  resolved "https://registry.yarnpkg.com/@next/swc-linux-arm64-gnu/-/swc-linux-arm64-gnu-12.1.4.tgz#d577190f641c9b4b463719dd6b8953b6ba9be8d9"
  integrity sha512-OnOWixhhw7aU22TQdQLYrgpgFq0oA1wGgnjAiHJ+St7MLj82KTDyM9UcymAMbGYy6nG/TFOOHdTmRMtCRNOw0g==

"@next/swc-linux-arm64-musl@12.1.4":
  version "12.1.4"
  resolved "https://registry.yarnpkg.com/@next/swc-linux-arm64-musl/-/swc-linux-arm64-musl-12.1.4.tgz#e70ffe70393d8f9242deecdb282ce5a8fd588b14"
  integrity sha512-UoRMzPZnsAavdWtVylYxH8DNC7Uy0i6RrvNwT4PyQVdfANBn2omsUkcH5lgS2O7oaz0nAYLk1vqyZDO7+tJotA==

"@next/swc-linux-x64-gnu@12.1.4":
  version "12.1.4"
  resolved "https://registry.yarnpkg.com/@next/swc-linux-x64-gnu/-/swc-linux-x64-gnu-12.1.4.tgz#91498a130387fb1961902f2bee55863f8e910cff"
  integrity sha512-nM+MA/frxlTLUKLJKorctdI20/ugfHRjVEEkcLp/58LGG7slNaP1E5d5dRA1yX6ISjPcQAkywas5VlGCg+uTvA==

"@next/swc-linux-x64-musl@12.1.4":
  version "12.1.4"
  resolved "https://registry.yarnpkg.com/@next/swc-linux-x64-musl/-/swc-linux-x64-musl-12.1.4.tgz#78057b03c148c121553d41521ad38f6c732762ff"
  integrity sha512-GoRHxkuW4u4yKw734B9SzxJwVdyEJosaZ62P7ifOwcujTxhgBt3y76V2nNUrsSuopcKI2ZTDjaa+2wd5zyeXbA==

"@next/swc-win32-arm64-msvc@12.1.4":
  version "12.1.4"
  resolved "https://registry.yarnpkg.com/@next/swc-win32-arm64-msvc/-/swc-win32-arm64-msvc-12.1.4.tgz#05bbaabacac23b8edf6caa99eb86b17550a09051"
  integrity sha512-6TQkQze0ievXwHJcVUrIULwCYVe3ccX6T0JgZ1SiMeXpHxISN7VJF/O8uSCw1JvXZYZ6ud0CJ7nfC5HXivgfPg==

"@next/swc-win32-ia32-msvc@12.1.4":
  version "12.1.4"
  resolved "https://registry.yarnpkg.com/@next/swc-win32-ia32-msvc/-/swc-win32-ia32-msvc-12.1.4.tgz#8fd2fb48f04a2802e51fc320878bf6b411c1c866"
  integrity sha512-CsbX/IXuZ5VSmWCpSetG2HD6VO5FTsO39WNp2IR2Ut/uom9XtLDJAZqjQEnbUTLGHuwDKFjrIO3LkhtROXLE/g==

"@next/swc-win32-x64-msvc@12.1.4":
  version "12.1.4"
  resolved "https://registry.yarnpkg.com/@next/swc-win32-x64-msvc/-/swc-win32-x64-msvc-12.1.4.tgz#a72ed44c9b1f850986a30fe36c59e01f8a79b5f3"
  integrity sha512-JtYuWzKXKLDMgE/xTcFtCm1MiCIRaAc5XYZfYX3n/ZWSI1SJS/GMm+Su0SAHJgRFavJh6U/p998YwO/iGTIgqQ==

call-bind@^1.0.0:
  version "1.0.2"
  resolved "https://registry.yarnpkg.com/call-bind/-/call-bind-1.0.2.tgz#b1d4e89e688119c3c9a903ad30abb2f6a919be3c"
  integrity sha512-7O+FbCihrB5WGbFYesctwmTKae6rOiIzmz1icreWJ+0aA7LJfuqhEso2T9ncpcFtzMQtzXf2QGGueWJGTYsqrA==
  dependencies:
    function-bind "^1.1.1"
    get-intrinsic "^1.0.2"

caniuse-lite@^1.0.30001283:
  version "1.0.30001323"
  resolved "https://registry.yarnpkg.com/caniuse-lite/-/caniuse-lite-1.0.30001323.tgz#a451ff80dec7033016843f532efda18f02eec011"
  integrity sha512-e4BF2RlCVELKx8+RmklSEIVub1TWrmdhvA5kEUueummz1XyySW0DVk+3x9HyhU9MuWTa2BhqLgEuEmUwASAdCA==

d3-array@^1.2.0:
  version "1.2.4"
  resolved "https://registry.yarnpkg.com/d3-array/-/d3-array-1.2.4.tgz#635ce4d5eea759f6f605863dbcfc30edc737f71f"
  integrity sha512-KHW6M86R+FUPYGb3R5XiYjXPq7VzwxZ22buHhAEVG5ztoEcZZMLov530mmccaqA1GghZArjQV46fuc8kUqhhHw==

d3-array@~2.3.0:
  version "2.3.3"
  resolved "https://registry.yarnpkg.com/d3-array/-/d3-array-2.3.3.tgz#e90c39fbaedccedf59fc30473092f99a0e14efa2"
  integrity sha512-syv3wp0U5aB6toP2zb2OdBkhTy1MWDsCAaYk6OXJZv+G4u7bSWEmYgxLoFyc88RQUhZYGCebW9a9UD1gFi5+MQ==

d3-collection@1:
  version "1.0.7"
  resolved "https://registry.yarnpkg.com/d3-collection/-/d3-collection-1.0.7.tgz#349bd2aa9977db071091c13144d5e4f16b5b310e"
  integrity sha512-ii0/r5f4sjKNTfh84Di+DpztYwqKhEyUlKoPrzUFfeSkWxjW49xU2QzO9qrPrNkpdI0XJkfzvmTu8V2Zylln6A==

d3-color@1:
  version "1.4.1"
  resolved "https://registry.yarnpkg.com/d3-color/-/d3-color-1.4.1.tgz#c52002bf8846ada4424d55d97982fef26eb3bc8a"
  integrity sha512-p2sTHSLCJI2QKunbGb7ocOh7DgTAn8IrLx21QRc/BSnodXM4sv6aLQlnfpvehFMLZEfBc6g9pH9SWQccFYfJ9Q==

d3-ease@^1.0.0:
  version "1.0.7"
  resolved "https://registry.yarnpkg.com/d3-ease/-/d3-ease-1.0.7.tgz#9a834890ef8b8ae8c558b2fe55bd57f5993b85e2"
  integrity sha512-lx14ZPYkhNx0s/2HX5sLFUI3mbasHjSSpwO/KaaNACweVwxUruKyWVcb293wMv1RqTPZyZ8kSZ2NogUZNcLOFQ==

d3-format@1:
  version "1.4.5"
  resolved "https://registry.yarnpkg.com/d3-format/-/d3-format-1.4.5.tgz#374f2ba1320e3717eb74a9356c67daee17a7edb4"
  integrity sha512-J0piedu6Z8iB6TbIGfZgDzfXxUFN3qQRMofy2oPdXzQibYGqPB/9iMcxr/TGalU+2RsyDO+U4f33id8tbnSRMQ==

d3-interpolate@1, d3-interpolate@^1.1.1:
  version "1.4.0"
  resolved "https://registry.yarnpkg.com/d3-interpolate/-/d3-interpolate-1.4.0.tgz#526e79e2d80daa383f9e0c1c1c7dcc0f0583e987"
  integrity sha512-V9znK0zc3jOPV4VD2zZn0sDhZU3WAE2bmlxdIwwQPPzPjvyLkd8B3JUVdS1IDUFDkWZ72c9qnv1GK2ZagTZ8EA==
  dependencies:
    d3-color "1"

d3-path@1:
  version "1.0.9"
  resolved "https://registry.yarnpkg.com/d3-path/-/d3-path-1.0.9.tgz#48c050bb1fe8c262493a8caf5524e3e9591701cf"
  integrity sha512-VLaYcn81dtHVTjEHd8B+pbe9yHWpXKZUC87PzoFmsFrJqgFwDe/qxfp5MlfsfM1V5E/iVt0MmEbWQ7FVIXh/bg==

d3-scale@^1.0.0:
  version "1.0.7"
  resolved "https://registry.yarnpkg.com/d3-scale/-/d3-scale-1.0.7.tgz#fa90324b3ea8a776422bd0472afab0b252a0945d"
  integrity sha512-KvU92czp2/qse5tUfGms6Kjig0AhHOwkzXG0+PqIJB3ke0WUv088AHMZI0OssO9NCkXt4RP8yju9rpH8aGB7Lw==
  dependencies:
    d3-array "^1.2.0"
    d3-collection "1"
    d3-color "1"
    d3-format "1"
    d3-interpolate "1"
    d3-time "1"
    d3-time-format "2"

d3-shape@^1.0.0, d3-shape@^1.2.0:
  version "1.3.7"
  resolved "https://registry.yarnpkg.com/d3-shape/-/d3-shape-1.3.7.tgz#df63801be07bc986bc54f63789b4fe502992b5d7"
  integrity sha512-EUkvKjqPFUAZyOlhY5gzCxCeI0Aep04LwIRpsZ/mLFelJiUfnK56jo5JMDSE7yyP2kLSb6LtF+S5chMk7uqPqw==
  dependencies:
    d3-path "1"

d3-time-format@2:
  version "2.3.0"
  resolved "https://registry.yarnpkg.com/d3-time-format/-/d3-time-format-2.3.0.tgz#107bdc028667788a8924ba040faf1fbccd5a7850"
  integrity sha512-guv6b2H37s2Uq/GefleCDtbe0XZAuy7Wa49VGkPVPMfLL9qObgBST3lEHJBMUp8S7NdLQAGIvr2KXk8Hc98iKQ==
  dependencies:
    d3-time "1"

d3-time@1:
  version "1.1.0"
  resolved "https://registry.yarnpkg.com/d3-time/-/d3-time-1.1.0.tgz#b1e19d307dae9c900b7e5b25ffc5dcc249a8a0f1"
  integrity sha512-Xh0isrZ5rPYYdqhAVk8VLnMEidhz5aP7htAADH6MfzgmmicPkTo8LhkLxci61/lCB7n7UmE3bN0leRt+qvkLxA==

d3-timer@^1.0.0:
  version "1.0.10"
  resolved "https://registry.yarnpkg.com/d3-timer/-/d3-timer-1.0.10.tgz#dfe76b8a91748831b13b6d9c793ffbd508dd9de5"
  integrity sha512-B1JDm0XDaQC+uvo4DT79H0XmBskgS3l6Ve+1SBCfxgmtIb1AVrPIoqd+nPSv+loMX8szQ0sVUhGngL7D5QPiXw==

d3-voronoi@^1.1.2:
  version "1.1.4"
  resolved "https://registry.yarnpkg.com/d3-voronoi/-/d3-voronoi-1.1.4.tgz#dd3c78d7653d2bb359284ae478645d95944c8297"
  integrity sha512-dArJ32hchFsrQ8uMiTBLq256MpnZjeuBtdHpaDlYuQyjU0CVzCJl/BVW+SkszaAeH95D/8gxqAhgx0ouAWAfRg==

delaunator@^4.0.0:
  version "4.0.1"
  resolved "https://registry.yarnpkg.com/delaunator/-/delaunator-4.0.1.tgz#3d779687f57919a7a418f8ab947d3bddb6846957"
  integrity sha512-WNPWi1IRKZfCt/qIDMfERkDp93+iZEmOxN2yy4Jg+Xhv8SLk2UTqqbe1sfiipn0and9QrE914/ihdx82Y/Giag==

delaunay-find@0.0.6:
  version "0.0.6"
  resolved "https://registry.yarnpkg.com/delaunay-find/-/delaunay-find-0.0.6.tgz#2ed017a79410013717fa7d9422e082c2502d4ae3"
  integrity sha512-1+almjfrnR7ZamBk0q3Nhg6lqSe6Le4vL0WJDSMx4IDbQwTpUTXPjxC00lqLBT8MYsJpPCbI16sIkw9cPsbi7Q==
  dependencies:
    delaunator "^4.0.0"

function-bind@^1.1.1:
  version "1.1.1"
  resolved "https://registry.yarnpkg.com/function-bind/-/function-bind-1.1.1.tgz#a56899d3ea3c9bab874bb9773b7c5ede92f4895d"
  integrity sha512-yIovAzMX49sF8Yl58fSCWJ5svSLuaibPxXQJFLmBObTuCr0Mf1KiPopGM9NiFjiYBCbfaa2Fh6breQ6ANVTI0A==

get-intrinsic@^1.0.2:
  version "1.1.1"
  resolved "https://registry.yarnpkg.com/get-intrinsic/-/get-intrinsic-1.1.1.tgz#15f59f376f855c446963948f0d24cd3637b4abc6"
  integrity sha512-kWZrnVM42QCiEA2Ig1bG8zjoIMOgxWwYCEeNdwY6Tv/cOSeGpcoX4pXHfKUxNKVoArnrEr2e9srnAxxGIraS9Q==
  dependencies:
    function-bind "^1.1.1"
    has "^1.0.3"
    has-symbols "^1.0.1"

has-symbols@^1.0.1:
  version "1.0.3"
  resolved "https://registry.yarnpkg.com/has-symbols/-/has-symbols-1.0.3.tgz#bb7b2c4349251dce87b125f7bdf874aa7c8b39f8"
  integrity sha512-l3LCuF6MgDNwTDKkdYGEihYjt5pRPbEg46rtlmnSPlUbgmB8LOIrKJbYYFBSbnPaJexMKtiPO8hmeRjRz2Td+A==

has@^1.0.3:
  version "1.0.3"
  resolved "https://registry.yarnpkg.com/has/-/has-1.0.3.tgz#722d7cbfc1f6aa8241f16dd814e011e1f41e8796"
  integrity sha512-f2dvO0VU6Oej7RkWJGrehjbzMAjFp5/VKPp5tTpWIV4JHHZK1/BxbFRtf/siA2SWTe09caDmVtYYzWEIbBS4zw==
  dependencies:
    function-bind "^1.1.1"

"js-tokens@^3.0.0 || ^4.0.0":
  version "4.0.0"
  resolved "https://registry.yarnpkg.com/js-tokens/-/js-tokens-4.0.0.tgz#19203fb59991df98e3a287050d4647cdeaf32499"
  integrity sha512-RdJUflcE3cUzKiMqQgsCu06FPu9UdIJO0beYbPhHN4k6apgJtifcoCtT9bcxOpYBtpD2kCM6Sbzg4CausW/PKQ==

json-stringify-safe@^5.0.1:
  version "5.0.1"
  resolved "https://registry.yarnpkg.com/json-stringify-safe/-/json-stringify-safe-5.0.1.tgz#1296a2d58fd45f19a0f6ce01d65701e2c735b6eb"
  integrity sha1-Epai1Y/UXxmg9s4B1lcB4sc1tus=

lodash@^4.17.19, lodash@^4.17.21:
  version "4.17.21"
  resolved "https://registry.yarnpkg.com/lodash/-/lodash-4.17.21.tgz#679591c564c3bffaae8454cf0b3df370c3d6911c"
  integrity sha512-v2kDEe57lecTulaDIuNTPy3Ry4gLGJ6Z1O3vE1krgXZNrsQ+LFTGHVxVjcXPs17LhbZVGedAJv8XZ1tvj5FvSg==

loose-envify@^1.1.0, loose-envify@^1.4.0:
  version "1.4.0"
  resolved "https://registry.yarnpkg.com/loose-envify/-/loose-envify-1.4.0.tgz#71ee51fa7be4caec1a63839f7e682d8132d30caf"
  integrity sha512-lyuxPGr/Wfhrlem2CL/UcnUc1zcqKAImBDzukY7Y5F/yQiNdko6+fRLevlw1HgMySw7f611UIY408EtxRSoK3Q==
  dependencies:
    js-tokens "^3.0.0 || ^4.0.0"

moment@^2.20.1:
  version "2.29.1"
  resolved "https://registry.yarnpkg.com/moment/-/moment-2.29.1.tgz#b2be769fa31940be9eeea6469c075e35006fa3d3"
  integrity sha512-kHmoybcPV8Sqy59DwNDY3Jefr64lK/by/da0ViFcuA4DH0vQg5Q6Ze5VimxkfQNSC+Mls/Kx53s7TjP1RhFEDQ==

nanoid@^3.1.30:
  version "3.3.2"
  resolved "https://registry.yarnpkg.com/nanoid/-/nanoid-3.3.2.tgz#c89622fafb4381cd221421c69ec58547a1eec557"
  integrity sha512-CuHBogktKwpm5g2sRgv83jEy2ijFzBwMoYA60orPDR7ynsLijJDqgsi4RDGj3OJpy3Ieb+LYwiRmIOGyytgITA==

next@^12.1.4:
  version "12.1.4"
  resolved "https://registry.yarnpkg.com/next/-/next-12.1.4.tgz#597a9bdec7aec778b442c4f6d41afd2c64a54b23"
  integrity sha512-DA4g97BM4Z0nKtDvCTm58RxdvoQyYzeg0AeVbh0N4Y/D8ELrNu47lQeEgRGF8hV4eQ+Sal90zxrJQQG/mPQ8CQ==
  dependencies:
    "@next/env" "12.1.4"
    caniuse-lite "^1.0.30001283"
    postcss "8.4.5"
    styled-jsx "5.0.1"
  optionalDependencies:
    "@next/swc-android-arm-eabi" "12.1.4"
    "@next/swc-android-arm64" "12.1.4"
    "@next/swc-darwin-arm64" "12.1.4"
    "@next/swc-darwin-x64" "12.1.4"
    "@next/swc-linux-arm-gnueabihf" "12.1.4"
    "@next/swc-linux-arm64-gnu" "12.1.4"
    "@next/swc-linux-arm64-musl" "12.1.4"
    "@next/swc-linux-x64-gnu" "12.1.4"
    "@next/swc-linux-x64-musl" "12.1.4"
    "@next/swc-win32-arm64-msvc" "12.1.4"
    "@next/swc-win32-ia32-msvc" "12.1.4"
    "@next/swc-win32-x64-msvc" "12.1.4"

object-assign@^4.1.1:
  version "4.1.1"
  resolved "https://registry.yarnpkg.com/object-assign/-/object-assign-4.1.1.tgz#2109adc7965887cfc05cbbd442cac8bfbb360863"
  integrity sha1-IQmtx5ZYh8/AXLvUQsrIv7s2CGM=

object-inspect@^1.9.0:
  version "1.12.0"
  resolved "https://registry.yarnpkg.com/object-inspect/-/object-inspect-1.12.0.tgz#6e2c120e868fd1fd18cb4f18c31741d0d6e776f0"
  integrity sha512-Ho2z80bVIvJloH+YzRmpZVQe87+qASmBUKZDWgx9cu+KDrX2ZDH/3tMy+gXbZETVGs2M8YdxObOh7XAtim9Y0g==

picocolors@^1.0.0:
  version "1.0.0"
  resolved "https://registry.yarnpkg.com/picocolors/-/picocolors-1.0.0.tgz#cb5bdc74ff3f51892236eaf79d68bc44564ab81c"
  integrity sha512-1fygroTLlHu66zi26VoTDv8yRgm0Fccecssto+MhsZ0D/DGW2sm8E8AjW7NU5VVTRt5GxbeZ5qBuJr+HyLYkjQ==

postcss@8.4.5:
  version "8.4.5"
  resolved "https://registry.yarnpkg.com/postcss/-/postcss-8.4.5.tgz#bae665764dfd4c6fcc24dc0fdf7e7aa00cc77f95"
  integrity sha512-jBDboWM8qpaqwkMwItqTQTiFikhs/67OYVvblFFTM7MrZjt6yMKd6r2kgXizEbTTljacm4NldIlZnhbjr84QYg==
  dependencies:
    nanoid "^3.1.30"
    picocolors "^1.0.0"
    source-map-js "^1.0.1"

prop-types@^15.5.8:
  version "15.8.1"
  resolved "https://registry.yarnpkg.com/prop-types/-/prop-types-15.8.1.tgz#67d87bf1a694f48435cf332c24af10214a3140b5"
  integrity sha512-oj87CgZICdulUohogVAR7AjlC0327U4el4L6eAvOqCeudMDVU0NThNaV+b9Df4dXgSP1gXMTnPdhfe/2qDH5cg==
  dependencies:
    loose-envify "^1.4.0"
    object-assign "^4.1.1"
    react-is "^16.13.1"

qs@^6.10.3:
  version "6.10.3"
  resolved "https://registry.yarnpkg.com/qs/-/qs-6.10.3.tgz#d6cde1b2ffca87b5aa57889816c5f81535e22e8e"
  integrity sha512-wr7M2E0OFRfIfJZjKGieI8lBKb7fRCH4Fv5KNPEs7gJ8jadvotdsS08PzOKR7opXhZ/Xkjtt3WF9g38drmyRqQ==
  dependencies:
    side-channel "^1.0.4"

react-dom@^17.0.2:
  version "17.0.2"
  resolved "https://registry.yarnpkg.com/react-dom/-/react-dom-17.0.2.tgz#ecffb6845e3ad8dbfcdc498f0d0a939736502c23"
  integrity sha512-s4h96KtLDUQlsENhMn1ar8t2bEa+q/YAtj8pPPdIjPDGBDIVNsrD9aXNWqspUe6AzKCIG0C1HZZLqLV7qpOBGA==
  dependencies:
    loose-envify "^1.1.0"
    object-assign "^4.1.1"
    scheduler "^0.20.2"

react-fast-compare@^2.0.0:
  version "2.0.4"
  resolved "https://registry.yarnpkg.com/react-fast-compare/-/react-fast-compare-2.0.4.tgz#e84b4d455b0fec113e0402c329352715196f81f9"
  integrity sha512-suNP+J1VU1MWFKcyt7RtjiSWUjvidmQSlqu+eHslq+342xCbGTYmC0mEhPCOHxlW0CywylOC1u2DFAT+bv4dBw==

react-is@^16.13.1:
  version "16.13.1"
  resolved "https://registry.yarnpkg.com/react-is/-/react-is-16.13.1.tgz#789729a4dc36de2999dc156dd6c1d9c18cea56a4"
  integrity sha512-24e6ynE2H+OKt4kqsOvNd8kBpV65zoxbA4BVsEOB3ARVWQki/DHzaUoC5KuON/BiccDaCCTZBuOcfZs70kR8bQ==

react@^17.0.2:
  version "17.0.2"
  resolved "https://registry.yarnpkg.com/react/-/react-17.0.2.tgz#d0b5cc516d29eb3eee383f75b62864cfb6800037"
  integrity sha512-gnhPt75i/dq/z3/6q/0asP78D0u592D5L1pd7M8P+dck6Fu/jJeL6iVVK23fptSUZj8Vjf++7wXA8UNclGQcbA==
  dependencies:
    loose-envify "^1.1.0"
    object-assign "^4.1.1"

scheduler@^0.20.2:
  version "0.20.2"
  resolved "https://registry.yarnpkg.com/scheduler/-/scheduler-0.20.2.tgz#4baee39436e34aa93b4874bddcbf0fe8b8b50e91"
  integrity sha512-2eWfGgAqqWFGqtdMmcL5zCMK1U8KlXv8SQFGglL3CEtd0aDVDWgeF/YoCmvln55m5zSk3J/20hTaSBeSObsQDQ==
  dependencies:
    loose-envify "^1.1.0"
    object-assign "^4.1.1"

side-channel@^1.0.4:
  version "1.0.4"
  resolved "https://registry.yarnpkg.com/side-channel/-/side-channel-1.0.4.tgz#efce5c8fdc104ee751b25c58d4290011fa5ea2cf"
  integrity sha512-q5XPytqFEIKHkGdiMIrY10mvLRvnQh42/+GoBlFW3b2LXLE2xxJpZFdm94we0BaoV3RwJyGqg5wS7epxTv0Zvw==
  dependencies:
    call-bind "^1.0.0"
    get-intrinsic "^1.0.2"
    object-inspect "^1.9.0"

simple-statistics@^6.1.1:
  version "6.1.1"
  resolved "https://registry.yarnpkg.com/simple-statistics/-/simple-statistics-6.1.1.tgz#e3a0799ffc49914d6f421c5a4ac585f6a13e2bad"
  integrity sha512-zGwn0DDRa9Zel4H4n2pjTFIyGoAGpnpjrGIctreCxj5XWrcx9v7Xy7270FkC967WMmcvuc8ZU7m0ZG+hGN7gAA==

source-map-js@^1.0.1:
  version "1.0.2"
  resolved "https://registry.yarnpkg.com/source-map-js/-/source-map-js-1.0.2.tgz#adbc361d9c62df380125e7f161f71c826f1e490c"
  integrity sha512-R0XvVJ9WusLiqTCEiGCmICCMplcCkIwwR11mOSD9CR5u+IXYdiseeEuXCVAjS54zqwkLcPNnmU4OeJ6tUrWhDw==

styled-jsx@5.0.1:
  version "5.0.1"
  resolved "https://registry.yarnpkg.com/styled-jsx/-/styled-jsx-5.0.1.tgz#78fecbbad2bf95ce6cd981a08918ce4696f5fc80"
  integrity sha512-+PIZ/6Uk40mphiQJJI1202b+/dYeTVd9ZnMPR80pgiWbjIwvN2zIp4r9et0BgqBuShh48I0gttPlAXA7WVvBxw==

victory-area@^36.3.0:
  version "36.3.0"
  resolved "https://registry.yarnpkg.com/victory-area/-/victory-area-36.3.0.tgz#676aa3c96a5d7ac199fcaad8565310fbd6bdfd2f"
  integrity sha512-vf/vR+6k4VyeGOuRvc651fN3ItsU6NoGkHrtafCDmJ/KH9bcwgfQS9uZn0aXHC9Vr9rarbFFTrBC6/gLhBYSRA==
  dependencies:
    d3-shape "^1.2.0"
    lodash "^4.17.19"
    prop-types "^15.5.8"
    victory-core "^36.3.0"

victory-axis@^36.3.0:
  version "36.3.0"
  resolved "https://registry.yarnpkg.com/victory-axis/-/victory-axis-36.3.0.tgz#d1f76d7c3df5a81be0355b44f21aff2acf2d0894"
  integrity sha512-k4h27pN2RHd1TYLia4SbaFn8NHddf7Mzfmqt4WUCLYmkN+R3xQ3METD+X6kwfZmV6FffclJVoD1Errlar/mGdQ==
  dependencies:
    lodash "^4.17.19"
    prop-types "^15.5.8"
    victory-core "^36.3.0"

victory-bar@^36.3.0:
  version "36.3.0"
  resolved "https://registry.yarnpkg.com/victory-bar/-/victory-bar-36.3.0.tgz#b1adf2471eff72071b729e98c3f47c6dd2348625"
  integrity sha512-8qitdaC2LYzxuQfbmsZLQ8VQksumbofD1ks0PimYM2exnBdo9nKi5GB0zuLVeuxvq36qlXUpPyH1VRUyUnCMPg==
  dependencies:
    d3-shape "^1.2.0"
    lodash "^4.17.19"
    prop-types "^15.5.8"
    victory-core "^36.3.0"

victory-box-plot@^36.3.0:
  version "36.3.0"
  resolved "https://registry.yarnpkg.com/victory-box-plot/-/victory-box-plot-36.3.0.tgz#1692ebd0ebfa4598a6d70fa282171b9bf6fdda6c"
  integrity sha512-FtRMRMoGxIqOKMx7bzU0h63BPeRh4tiMvR1xZ+n32SJOFFnTC9YwsCLM6o03lBx5af6PegV05JLZs6dVgKEMcA==
  dependencies:
    d3-array "^1.2.0"
    lodash "^4.17.19"
    prop-types "^15.5.8"
    victory-core "^36.3.0"

victory-brush-container@^36.3.0:
  version "36.3.0"
  resolved "https://registry.yarnpkg.com/victory-brush-container/-/victory-brush-container-36.3.0.tgz#ab6a11138e80296c0bc2169de3cb8db11a2f3347"
  integrity sha512-iaal/Dn5o113TFZ2i4GIApZq6lsfSx9MwD+1cQ8yEC67/Krzn127AfDXfPYKUiFhD+NvmCTg8OGsryt4MEHbsw==
  dependencies:
    lodash "^4.17.19"
    prop-types "^15.5.8"
    react-fast-compare "^2.0.0"
    victory-core "^36.3.0"

victory-brush-line@^36.3.0:
  version "36.3.0"
  resolved "https://registry.yarnpkg.com/victory-brush-line/-/victory-brush-line-36.3.0.tgz#b993d7c023eb84fe603f9f3068ee15ab61521695"
  integrity sha512-idOU6G1xcS780QR7GEEdBqd+48SQPxzo8pxC3eqdN0IUhdIcEZF/untJhehQiQrt8MFvMQLnpW2k1JaqnV2Peg==
  dependencies:
    lodash "^4.17.19"
    prop-types "^15.5.8"
    react-fast-compare "^2.0.0"
    victory-core "^36.3.0"

victory-candlestick@^36.3.0:
  version "36.3.0"
  resolved "https://registry.yarnpkg.com/victory-candlestick/-/victory-candlestick-36.3.0.tgz#53346934c591f3df17a447ec187307e65cd8c5dc"
  integrity sha512-I2LnJDi/wmYhNyLE3GqJwsxJi/rx0ixY3G5tW3Wp+zmzC3qXfJ8ucU+3qNfL3pj5z5Jda1KYYo0Ei6Rq2k4jwg==
  dependencies:
    lodash "^4.17.19"
    prop-types "^15.5.8"
    victory-core "^36.3.0"

victory-canvas@^36.3.0:
  version "36.3.0"
  resolved "https://registry.yarnpkg.com/victory-canvas/-/victory-canvas-36.3.0.tgz#9d78f843add389723bdce4847a9f75f7bb4ff637"
  integrity sha512-FQfjjZ7YzBPnVvxg1WMFDeXOcLHRXAD7t6qxS0sDcwGerJ8dn51Iel/Kd+jKiXT25W34pUqMh+cUsGIwkpTsZQ==
  dependencies:
    lodash "^4.17.19"
    prop-types "^15.5.8"
    victory-core "^36.3.0"

victory-chart@^36.3.0:
  version "36.3.0"
  resolved "https://registry.yarnpkg.com/victory-chart/-/victory-chart-36.3.0.tgz#b08cf4472e07f4d2fc4e041a34f224c2c92f42f9"
  integrity sha512-8BM/xUavO6ineRzhycehHCvf3NT5Z+8YepdvVOVX6PGJUx9rvmZCAVDlB6fDh7kuDdq5mtDFzos+B+BglC1rcA==
  dependencies:
    lodash "^4.17.19"
    prop-types "^15.5.8"
    react-fast-compare "^2.0.0"
    victory-axis "^36.3.0"
    victory-core "^36.3.0"
    victory-polar-axis "^36.3.0"
    victory-shared-events "^36.3.0"

victory-core@^36.3.0:
  version "36.3.0"
  resolved "https://registry.yarnpkg.com/victory-core/-/victory-core-36.3.0.tgz#193dbd7fcd6e8d48ed9a3dbc855cc4e1ac2e8e13"
  integrity sha512-X75h6FvLCO+9u/PbCkHat7CmcOeJrkTLz0uUhLqryofJN81nfZ7VamRDfw5KxDWYlCB5hmxX+dfjzteaqndgeA==
  dependencies:
    d3-ease "^1.0.0"
    d3-interpolate "^1.1.1"
    d3-scale "^1.0.0"
    d3-shape "^1.2.0"
    d3-timer "^1.0.0"
    lodash "^4.17.21"
    prop-types "^15.5.8"
    react-fast-compare "^2.0.0"

victory-create-container@^36.3.1:
  version "36.3.1"
  resolved "https://registry.yarnpkg.com/victory-create-container/-/victory-create-container-36.3.1.tgz#b1ef5d6f310ac3713ca06400ed3a7f2d6d336cbb"
  integrity sha512-ved4WQH7UxhQZAHZsRK/B/bqIvQZi6EeHR7CkCgvanjYY3mkCM/avv9TNC5RzrNp/DeRC2xdFoBGVuUaLPLnTw==
  dependencies:
    lodash "^4.17.19"
    victory-brush-container "^36.3.0"
    victory-core "^36.3.0"
    victory-cursor-container "^36.3.0"
    victory-selection-container "^36.3.0"
    victory-voronoi-container "^36.3.1"
    victory-zoom-container "^36.3.0"

victory-cursor-container@^36.3.0:
  version "36.3.0"
  resolved "https://registry.yarnpkg.com/victory-cursor-container/-/victory-cursor-container-36.3.0.tgz#3ce87f3ac237818669f21f6b2431209b5b883e98"
  integrity sha512-iR+8R1kEul22tifSxr8lnyR0kJ9Wb4VGCVyLgH3VGiJkmbaTRLt0fvKxP+sFbrVIngxTemiVuFBi+nwi48lpAA==
  dependencies:
    lodash "^4.17.19"
    prop-types "^15.5.8"
    victory-core "^36.3.0"

victory-errorbar@^36.3.0:
  version "36.3.0"
  resolved "https://registry.yarnpkg.com/victory-errorbar/-/victory-errorbar-36.3.0.tgz#c85eb8036801180e51e1d7161b453ac2dd0ae21d"
  integrity sha512-Pa/p/36KH45xBivuJsmHZRiWjVJWAqMzRKZrBrY4sPmItq5KMgmDYJLzMgl4F+ZFCIUt6OQP38MnOq47EgOkFg==
  dependencies:
    lodash "^4.17.19"
    prop-types "^15.5.8"
    victory-core "^36.3.0"

victory-group@^36.3.0:
  version "36.3.0"
  resolved "https://registry.yarnpkg.com/victory-group/-/victory-group-36.3.0.tgz#e353ce0017abe7b88e32465984f1ff982c82f596"
  integrity sha512-JsO/CMxQrGOv+GK55ssTWtcASVyC2Y9kJ0a6xWyGKAWufGDehvdmwg2HxAcx9QeIu9vQ0qQOYc3Yk2/DwW0bJQ==
  dependencies:
    lodash "^4.17.19"
    prop-types "^15.5.8"
    react-fast-compare "^2.0.0"
    victory-core "^36.3.0"
    victory-shared-events "^36.3.0"

victory-histogram@^36.3.0:
  version "36.3.0"
  resolved "https://registry.yarnpkg.com/victory-histogram/-/victory-histogram-36.3.0.tgz#844f95623ad162628afc34290540d66542c3ab18"
  integrity sha512-C1IlANqjiUMOzvpaDQZKLgMVf9wEhYBVm9SpGAHmMSo45fGH89Knp+PgKMFKom2BXjuBPAyZjETdulTKDPOHsw==
  dependencies:
    d3-array "~2.3.0"
    d3-scale "^1.0.0"
    lodash "^4.17.19"
    prop-types "^15.5.8"
    react-fast-compare "^2.0.0"
    victory-bar "^36.3.0"
    victory-core "^36.3.0"

victory-legend@^36.3.0:
  version "36.3.0"
  resolved "https://registry.yarnpkg.com/victory-legend/-/victory-legend-36.3.0.tgz#59442db6cb4068e216f324783df4382a7a8f7d84"
  integrity sha512-5gaUBXQcJfA4BQpatCG1X/evAgrzBfMIHhbEkwH4jCtt9aVU+b2qMYRs7nw+Rnzz5Cicb6cwajHgem9mv3E04w==
  dependencies:
    lodash "^4.17.19"
    prop-types "^15.5.8"
    victory-core "^36.3.0"

victory-line@^36.3.0:
  version "36.3.0"
  resolved "https://registry.yarnpkg.com/victory-line/-/victory-line-36.3.0.tgz#6ffc2cb94a3e3fa82bf38c918923463aacc8fd0d"
  integrity sha512-qLDHBcmFRMytKACgDt3z6ktuqTNKHvVPifoSrAnORfFlXxMJlGB8+XZAGeAP6DeC5jDOb+sc6DFKzSOIvFLnqA==
  dependencies:
    d3-shape "^1.2.0"
    lodash "^4.17.19"
    prop-types "^15.5.8"
    victory-core "^36.3.0"

victory-pie@^36.3.0:
  version "36.3.0"
  resolved "https://registry.yarnpkg.com/victory-pie/-/victory-pie-36.3.0.tgz#4ccb60df9d203af03d60c9dadd1a3cbeb3e571a2"
  integrity sha512-ZApiB4OW2l6vHSxRZpaqklQ9gnOshqqZBCHgcyr2kbx+oLJMeKi+mJbh/YS1btFCPwL7bSSO4EYdBuaGyAX9VA==
  dependencies:
    d3-shape "^1.0.0"
    lodash "^4.17.19"
    prop-types "^15.5.8"
    victory-core "^36.3.0"

victory-polar-axis@^36.3.0:
  version "36.3.0"
  resolved "https://registry.yarnpkg.com/victory-polar-axis/-/victory-polar-axis-36.3.0.tgz#f32c75461a635a518e6d103f5dbc6248192303de"
  integrity sha512-xbxHDMJi3CG1dB8ATiURNg0NVVECk0z82soAwVSA5jPmGRmW4t8ByKBfSsw/ommeDclJ95X8+jtR1Jxd+mjsfw==
  dependencies:
    lodash "^4.17.19"
    prop-types "^15.5.8"
    victory-core "^36.3.0"

victory-scatter@^36.3.0:
  version "36.3.0"
  resolved "https://registry.yarnpkg.com/victory-scatter/-/victory-scatter-36.3.0.tgz#79e35718050de36aa3cb705999186c48bb794e39"
  integrity sha512-PfgM/y7tV/e1Y3ew5R2wvM1O11+EXoToQ2KR0/WTzybwD6R5OghgbcM1xS2NUCtOeubYDkkXjBogZc0rDyyfjA==
  dependencies:
    lodash "^4.17.19"
    prop-types "^15.5.8"
    victory-core "^36.3.0"

victory-selection-container@^36.3.0:
  version "36.3.0"
  resolved "https://registry.yarnpkg.com/victory-selection-container/-/victory-selection-container-36.3.0.tgz#c5b171df47c3706545915a57e2f36cf0b3d58cb3"
  integrity sha512-RdFkmxoy2HkbZ9ebuj5Mlx+/OTtPjoUO+FYXItc/Le+HWcGNvkhzmyfZJ+JZAi7atwevCEQawsdUHslIf9mZig==
  dependencies:
    lodash "^4.17.19"
    prop-types "^15.5.8"
    victory-core "^36.3.0"

victory-shared-events@^36.3.0:
  version "36.3.0"
  resolved "https://registry.yarnpkg.com/victory-shared-events/-/victory-shared-events-36.3.0.tgz#cd8a715f137937865c84f99d9885fd06b2e0a448"
  integrity sha512-XnTzwlRy7uUgBm8NW1tLn4wx3M4lkFO/jA3DHFMYgCVzq+Fu7Tu+BmMPZ8m5DxZFwxKP4HVlYuYKwoQu7yerWA==
  dependencies:
    json-stringify-safe "^5.0.1"
    lodash "^4.17.19"
    prop-types "^15.5.8"
    react-fast-compare "^2.0.0"
    victory-core "^36.3.0"

victory-stack@^36.3.0:
  version "36.3.0"
  resolved "https://registry.yarnpkg.com/victory-stack/-/victory-stack-36.3.0.tgz#c2e5e354640e79e74ae9b57fde390875c2653bd8"
  integrity sha512-QtW+UReATWUojUyv2II+i0d+RonLRcxFIhCFPO4Eo6tHS7ZqvBQWii0N3FRlbl65h2jW4By+xjoNxyHoSsbJJQ==
  dependencies:
    lodash "^4.17.19"
    prop-types "^15.5.8"
    react-fast-compare "^2.0.0"
    victory-core "^36.3.0"
    victory-shared-events "^36.3.0"

victory-tooltip@^36.3.0:
  version "36.3.0"
  resolved "https://registry.yarnpkg.com/victory-tooltip/-/victory-tooltip-36.3.0.tgz#0905c681404e5348c00e3b84505734ef14a493bc"
  integrity sha512-GM8hOmbcKZRQCtWDi9bJrqvjUEryqwXcw8onz5sFGvPPONLu7nYKCO0s6/m3wCHqAWqotPpu6FTtxXSChYJ6kA==
  dependencies:
    lodash "^4.17.19"
    prop-types "^15.5.8"
    victory-core "^36.3.0"

victory-voronoi-container@^36.3.1:
  version "36.3.1"
  resolved "https://registry.yarnpkg.com/victory-voronoi-container/-/victory-voronoi-container-36.3.1.tgz#b842c966102bbcb2f39d6a72fb93bf23aef1cc0b"
  integrity sha512-bFznyx0dLRb84nrGhOslN/e/3mfEGCmlPbvEFv8SGBVZxvAQv2go4byhZx4qvFbcKf2Wyx8svyxCsfS9g/OsEw==
  dependencies:
    delaunay-find "0.0.6"
    lodash "^4.17.19"
    prop-types "^15.5.8"
    react-fast-compare "^2.0.0"
    victory-core "^36.3.0"
    victory-tooltip "^36.3.0"

victory-voronoi@^36.3.0:
  version "36.3.0"
  resolved "https://registry.yarnpkg.com/victory-voronoi/-/victory-voronoi-36.3.0.tgz#14a650b464dd8dbc8d0763870e01c3fa280abf5b"
  integrity sha512-P+DMO+mLtpqsH1rfnLBBKanObnk55X44km+eIiqr3NuFJBVOT5XCaiv2p6gbU1adv5ciAxxpN6KAo8TgZwupgg==
  dependencies:
    d3-voronoi "^1.1.2"
    lodash "^4.17.19"
    prop-types "^15.5.8"
    victory-core "^36.3.0"

victory-zoom-container@^36.3.0:
  version "36.3.0"
  resolved "https://registry.yarnpkg.com/victory-zoom-container/-/victory-zoom-container-36.3.0.tgz#9485d4a7bc93ac41268f5903b77b38fccdf78629"
  integrity sha512-FG+nh5pi4xCP7EBI+rtc0q3U6RrkOW+ophOgpGCpNGswvvuREl+DtdS/dPjYk+Ktt45f1qmVrT26ovJ4IiMKEA==
  dependencies:
    lodash "^4.17.19"
    prop-types "^15.5.8"
    victory-core "^36.3.0"

victory@^36.3.1:
  version "36.3.1"
  resolved "https://registry.yarnpkg.com/victory/-/victory-36.3.1.tgz#3fef0db8f0e65291d48263db2bc2cec5d0a669f8"
  integrity sha512-zqmld8hwkV9ysYRUIwfIR1/smjhLEr+m8XZ5xLPK7Io3BLUEcdeJd7bK/Edb4Scv91DodkF9d5DVmvyzEph89g==
  dependencies:
    victory-area "^36.3.0"
    victory-axis "^36.3.0"
    victory-bar "^36.3.0"
    victory-box-plot "^36.3.0"
    victory-brush-container "^36.3.0"
    victory-brush-line "^36.3.0"
    victory-candlestick "^36.3.0"
    victory-canvas "^36.3.0"
    victory-chart "^36.3.0"
    victory-core "^36.3.0"
    victory-create-container "^36.3.1"
    victory-cursor-container "^36.3.0"
    victory-errorbar "^36.3.0"
    victory-group "^36.3.0"
    victory-histogram "^36.3.0"
    victory-legend "^36.3.0"
    victory-line "^36.3.0"
    victory-pie "^36.3.0"
    victory-polar-axis "^36.3.0"
    victory-scatter "^36.3.0"
    victory-selection-container "^36.3.0"
    victory-shared-events "^36.3.0"
    victory-stack "^36.3.0"
    victory-tooltip "^36.3.0"
    victory-voronoi "^36.3.0"
    victory-voronoi-container "^36.3.1"
    victory-zoom-container "^36.3.0"
